// !$*UTF8*$!
{
	archiveVersion = 1;
	classes = {
	};
	objectVersion = 46;
	objects = {

/* Begin PBXBuildFile section */
		3DB3452316D3FEA100DCEDE8 /* AddressBook.framework in Frameworks */ = {isa = PBXBuildFile; fileRef = 3DB3452116D3FEA100DCEDE8 /* AddressBook.framework */; };
		3DB3452416D3FEA100DCEDE8 /* AddressBookUI.framework in Frameworks */ = {isa = PBXBuildFile; fileRef = 3DB3452216D3FEA100DCEDE8 /* AddressBookUI.framework */; };
		50017DFC16BBBF8A00F0C093 /* UIKit.framework in Frameworks */ = {isa = PBXBuildFile; fileRef = 50017DFB16BBBF8A00F0C093 /* UIKit.framework */; };
		50017DFE16BBBF8A00F0C093 /* Foundation.framework in Frameworks */ = {isa = PBXBuildFile; fileRef = 50017DFD16BBBF8A00F0C093 /* Foundation.framework */; };
		50017E0016BBBF8A00F0C093 /* CoreGraphics.framework in Frameworks */ = {isa = PBXBuildFile; fileRef = 50017DFF16BBBF8A00F0C093 /* CoreGraphics.framework */; };
		50017E0616BBBF8A00F0C093 /* InfoPlist.strings in Resources */ = {isa = PBXBuildFile; fileRef = 50017E0416BBBF8A00F0C093 /* InfoPlist.strings */; };
		50017E0816BBBF8A00F0C093 /* main.m in Sources */ = {isa = PBXBuildFile; fileRef = 50017E0716BBBF8A00F0C093 /* main.m */; };
		50017E0C16BBBF8A00F0C093 /* AlarmAppDelegate.m in Sources */ = {isa = PBXBuildFile; fileRef = 50017E0B16BBBF8A00F0C093 /* AlarmAppDelegate.m */; };
		50017E1516BBBF8A00F0C093 /* MainStoryboard.storyboard in Resources */ = {isa = PBXBuildFile; fileRef = 50017E1316BBBF8A00F0C093 /* MainStoryboard.storyboard */; };
		50017E1816BBBF8A00F0C093 /* AlarmViewController.m in Sources */ = {isa = PBXBuildFile; fileRef = 50017E1716BBBF8A00F0C093 /* AlarmViewController.m */; };
		50DD542516C539D6002CF0E6 /* Default-568h@2x.png in Resources */ = {isa = PBXBuildFile; fileRef = 50DD542216C539D6002CF0E6 /* Default-568h@2x.png */; };
		50DD542616C539D6002CF0E6 /* Default.png in Resources */ = {isa = PBXBuildFile; fileRef = 50DD542316C539D6002CF0E6 /* Default.png */; };
		50DD542716C539D6002CF0E6 /* Default@2x.png in Resources */ = {isa = PBXBuildFile; fileRef = 50DD542416C539D6002CF0E6 /* Default@2x.png */; };
		5DD1328716C119E500D7CDF6 /* RootViewController.m in Sources */ = {isa = PBXBuildFile; fileRef = 5DD1328616C119E500D7CDF6 /* RootViewController.m */; };
		5DD1328A16C11C0300D7CDF6 /* ModelController.m in Sources */ = {isa = PBXBuildFile; fileRef = 5DD1328916C11C0300D7CDF6 /* ModelController.m */; };
		5DD1329016C121E700D7CDF6 /* SettingsTableViewController.m in Sources */ = {isa = PBXBuildFile; fileRef = 5DD1328F16C121E700D7CDF6 /* SettingsTableViewController.m */; };
		5DF73ADC16C4F7EB00B362AE /* TelephoneDatasource.m in Sources */ = {isa = PBXBuildFile; fileRef = 5DF73AD616C4F7EB00B362AE /* TelephoneDatasource.m */; };
		5DF73ADD16C4F7EB00B362AE /* TelephoneAlarm.m in Sources */ = {isa = PBXBuildFile; fileRef = 5DF73AD816C4F7EB00B362AE /* TelephoneAlarm.m */; };
		5DF73ADE16C4F7EB00B362AE /* AlarmController.m in Sources */ = {isa = PBXBuildFile; fileRef = 5DF73ADA16C4F7EB00B362AE /* AlarmController.m */; };
		5DF73AE216C4F90100B362AE /* MessageSettingsViewController.m in Sources */ = {isa = PBXBuildFile; fileRef = 5DF73AE116C4F90100B362AE /* MessageSettingsViewController.m */; };
		5DF73AE516C5073F00B362AE /* CallSettingsViewController.m in Sources */ = {isa = PBXBuildFile; fileRef = 5DF73AE416C5073F00B362AE /* CallSettingsViewController.m */; };
		5DFBC18216CA429F008A9F23 /* libRestKit.a in Frameworks */ = {isa = PBXBuildFile; fileRef = 5DFBC17916CA40D7008A9F23 /* libRestKit.a */; };
		5DFBC18416CA42A7008A9F23 /* CFNetwork.framework in Frameworks */ = {isa = PBXBuildFile; fileRef = 5DFBC18316CA42A7008A9F23 /* CFNetwork.framework */; };
		5DFBC18616CA42C3008A9F23 /* CoreData.framework in Frameworks */ = {isa = PBXBuildFile; fileRef = 5DFBC18516CA42C3008A9F23 /* CoreData.framework */; };
		5DFBC18816CA42CB008A9F23 /* MobileCoreServices.framework in Frameworks */ = {isa = PBXBuildFile; fileRef = 5DFBC18716CA42CB008A9F23 /* MobileCoreServices.framework */; };
		5DFBC18A16CA42D3008A9F23 /* Security.framework in Frameworks */ = {isa = PBXBuildFile; fileRef = 5DFBC18916CA42D3008A9F23 /* Security.framework */; };
		5DFBC18C16CA42DA008A9F23 /* SystemConfiguration.framework in Frameworks */ = {isa = PBXBuildFile; fileRef = 5DFBC18B16CA42DA008A9F23 /* SystemConfiguration.framework */; };
		5DFBC18F16CAC932008A9F23 /* libRestKit.a in Copy RestKit Framework */ = {isa = PBXBuildFile; fileRef = 5DFBC17916CA40D7008A9F23 /* libRestKit.a */; };
/* End PBXBuildFile section */

/* Begin PBXContainerItemProxy section */
		5DFBC17816CA40D7008A9F23 /* PBXContainerItemProxy */ = {
			isa = PBXContainerItemProxy;
			containerPortal = 5DFBC17116CA40D6008A9F23 /* RestKit.xcodeproj */;
			proxyType = 2;
			remoteGlobalIDString = 25160D1614564E810060A5C5;
			remoteInfo = RestKit;
		};
		5DFBC17A16CA40D7008A9F23 /* PBXContainerItemProxy */ = {
			isa = PBXContainerItemProxy;
			containerPortal = 5DFBC17116CA40D6008A9F23 /* RestKit.xcodeproj */;
			proxyType = 2;
			remoteGlobalIDString = 25160D2614564E820060A5C5;
			remoteInfo = RestKitTests;
		};
		5DFBC17C16CA40D7008A9F23 /* PBXContainerItemProxy */ = {
			isa = PBXContainerItemProxy;
			containerPortal = 5DFBC17116CA40D6008A9F23 /* RestKit.xcodeproj */;
			proxyType = 2;
			remoteGlobalIDString = 25160E62145651060060A5C5;
			remoteInfo = RestKitFramework;
		};
		5DFBC17E16CA40D7008A9F23 /* PBXContainerItemProxy */ = {
			isa = PBXContainerItemProxy;
			containerPortal = 5DFBC17116CA40D6008A9F23 /* RestKit.xcodeproj */;
			proxyType = 2;
			remoteGlobalIDString = 25160E78145651060060A5C5;
			remoteInfo = RestKitFrameworkTests;
		};
		5DFBC18016CA428E008A9F23 /* PBXContainerItemProxy */ = {
			isa = PBXContainerItemProxy;
			containerPortal = 5DFBC17116CA40D6008A9F23 /* RestKit.xcodeproj */;
			proxyType = 1;
			remoteGlobalIDString = 25160D1514564E810060A5C5;
			remoteInfo = RestKit;
		};
/* End PBXContainerItemProxy section */

/* Begin PBXCopyFilesBuildPhase section */
		5DFBC18D16CA42F2008A9F23 /* Copy RestKit Framework */ = {
			isa = PBXCopyFilesBuildPhase;
			buildActionMask = 2147483647;
			dstPath = "";
			dstSubfolderSpec = 10;
			files = (
				5DFBC18F16CAC932008A9F23 /* libRestKit.a in Copy RestKit Framework */,
			);
			name = "Copy RestKit Framework";
			runOnlyForDeploymentPostprocessing = 0;
		};
/* End PBXCopyFilesBuildPhase section */

/* Begin PBXFileReference section */
		3DB3452116D3FEA100DCEDE8 /* AddressBook.framework */ = {isa = PBXFileReference; lastKnownFileType = wrapper.framework; name = AddressBook.framework; path = System/Library/Frameworks/AddressBook.framework; sourceTree = SDKROOT; };
		3DB3452216D3FEA100DCEDE8 /* AddressBookUI.framework */ = {isa = PBXFileReference; lastKnownFileType = wrapper.framework; name = AddressBookUI.framework; path = System/Library/Frameworks/AddressBookUI.framework; sourceTree = SDKROOT; };
		50017DF716BBBF8A00F0C093 /* PersonAlarm.app */ = {isa = PBXFileReference; explicitFileType = wrapper.application; includeInIndex = 0; path = PersonAlarm.app; sourceTree = BUILT_PRODUCTS_DIR; };
		50017DFB16BBBF8A00F0C093 /* UIKit.framework */ = {isa = PBXFileReference; lastKnownFileType = wrapper.framework; name = UIKit.framework; path = System/Library/Frameworks/UIKit.framework; sourceTree = SDKROOT; };
		50017DFD16BBBF8A00F0C093 /* Foundation.framework */ = {isa = PBXFileReference; lastKnownFileType = wrapper.framework; name = Foundation.framework; path = System/Library/Frameworks/Foundation.framework; sourceTree = SDKROOT; };
		50017DFF16BBBF8A00F0C093 /* CoreGraphics.framework */ = {isa = PBXFileReference; lastKnownFileType = wrapper.framework; name = CoreGraphics.framework; path = System/Library/Frameworks/CoreGraphics.framework; sourceTree = SDKROOT; };
		50017E0316BBBF8A00F0C093 /* PersonAlarm-Info.plist */ = {isa = PBXFileReference; lastKnownFileType = text.plist.xml; path = "PersonAlarm-Info.plist"; sourceTree = "<group>"; };
		50017E0516BBBF8A00F0C093 /* en */ = {isa = PBXFileReference; lastKnownFileType = text.plist.strings; name = en; path = en.lproj/InfoPlist.strings; sourceTree = "<group>"; };
		50017E0716BBBF8A00F0C093 /* main.m */ = {isa = PBXFileReference; lastKnownFileType = sourcecode.c.objc; path = main.m; sourceTree = "<group>"; };
		50017E0916BBBF8A00F0C093 /* PersonAlarm-Prefix.pch */ = {isa = PBXFileReference; lastKnownFileType = sourcecode.c.h; path = "PersonAlarm-Prefix.pch"; sourceTree = "<group>"; };
		50017E0A16BBBF8A00F0C093 /* AlarmAppDelegate.h */ = {isa = PBXFileReference; lastKnownFileType = sourcecode.c.h; path = AlarmAppDelegate.h; sourceTree = "<group>"; };
		50017E0B16BBBF8A00F0C093 /* AlarmAppDelegate.m */ = {isa = PBXFileReference; lastKnownFileType = sourcecode.c.objc; path = AlarmAppDelegate.m; sourceTree = "<group>"; };
		50017E1416BBBF8A00F0C093 /* en */ = {isa = PBXFileReference; lastKnownFileType = file.storyboard; name = en; path = en.lproj/MainStoryboard.storyboard; sourceTree = "<group>"; };
		50017E1616BBBF8A00F0C093 /* AlarmViewController.h */ = {isa = PBXFileReference; lastKnownFileType = sourcecode.c.h; name = AlarmViewController.h; path = PersonAlarm/AlarmViewController.h; sourceTree = "<group>"; };
		50017E1716BBBF8A00F0C093 /* AlarmViewController.m */ = {isa = PBXFileReference; lastKnownFileType = sourcecode.c.objc; name = AlarmViewController.m; path = PersonAlarm/AlarmViewController.m; sourceTree = "<group>"; };
		50DD542216C539D6002CF0E6 /* Default-568h@2x.png */ = {isa = PBXFileReference; lastKnownFileType = image.png; path = "Default-568h@2x.png"; sourceTree = SOURCE_ROOT; };
		50DD542316C539D6002CF0E6 /* Default.png */ = {isa = PBXFileReference; lastKnownFileType = image.png; path = Default.png; sourceTree = SOURCE_ROOT; };
		50DD542416C539D6002CF0E6 /* Default@2x.png */ = {isa = PBXFileReference; lastKnownFileType = image.png; path = "Default@2x.png"; sourceTree = SOURCE_ROOT; };
		5DD1328516C119E500D7CDF6 /* RootViewController.h */ = {isa = PBXFileReference; fileEncoding = 4; lastKnownFileType = sourcecode.c.h; path = RootViewController.h; sourceTree = "<group>"; };
		5DD1328616C119E500D7CDF6 /* RootViewController.m */ = {isa = PBXFileReference; fileEncoding = 4; lastKnownFileType = sourcecode.c.objc; path = RootViewController.m; sourceTree = "<group>"; };
		5DD1328816C11C0300D7CDF6 /* ModelController.h */ = {isa = PBXFileReference; fileEncoding = 4; lastKnownFileType = sourcecode.c.h; path = ModelController.h; sourceTree = "<group>"; };
		5DD1328916C11C0300D7CDF6 /* ModelController.m */ = {isa = PBXFileReference; fileEncoding = 4; lastKnownFileType = sourcecode.c.objc; path = ModelController.m; sourceTree = "<group>"; };
		5DD1328E16C121E700D7CDF6 /* SettingsTableViewController.h */ = {isa = PBXFileReference; fileEncoding = 4; lastKnownFileType = sourcecode.c.h; name = SettingsTableViewController.h; path = PersonAlarm/SettingsTableViewController.h; sourceTree = "<group>"; };
		5DD1328F16C121E700D7CDF6 /* SettingsTableViewController.m */ = {isa = PBXFileReference; fileEncoding = 4; lastKnownFileType = sourcecode.c.objc; name = SettingsTableViewController.m; path = PersonAlarm/SettingsTableViewController.m; sourceTree = "<group>"; };
		5DF73AD616C4F7EB00B362AE /* TelephoneDatasource.m */ = {isa = PBXFileReference; fileEncoding = 4; lastKnownFileType = sourcecode.c.objc; name = TelephoneDatasource.m; path = PersonAlarm/TelephoneDatasource.m; sourceTree = "<group>"; };
		5DF73AD716C4F7EB00B362AE /* TelephoneDatasource.h */ = {isa = PBXFileReference; fileEncoding = 4; lastKnownFileType = sourcecode.c.h; name = TelephoneDatasource.h; path = PersonAlarm/TelephoneDatasource.h; sourceTree = "<group>"; };
		5DF73AD816C4F7EB00B362AE /* TelephoneAlarm.m */ = {isa = PBXFileReference; fileEncoding = 4; lastKnownFileType = sourcecode.c.objc; name = TelephoneAlarm.m; path = PersonAlarm/TelephoneAlarm.m; sourceTree = "<group>"; };
		5DF73AD916C4F7EB00B362AE /* TelephoneAlarm.h */ = {isa = PBXFileReference; fileEncoding = 4; lastKnownFileType = sourcecode.c.h; name = TelephoneAlarm.h; path = PersonAlarm/TelephoneAlarm.h; sourceTree = "<group>"; };
		5DF73ADA16C4F7EB00B362AE /* AlarmController.m */ = {isa = PBXFileReference; fileEncoding = 4; lastKnownFileType = sourcecode.c.objc; name = AlarmController.m; path = PersonAlarm/AlarmController.m; sourceTree = "<group>"; };
		5DF73ADB16C4F7EB00B362AE /* AlarmController.h */ = {isa = PBXFileReference; fileEncoding = 4; lastKnownFileType = sourcecode.c.h; name = AlarmController.h; path = PersonAlarm/AlarmController.h; sourceTree = "<group>"; };
		5DF73AE016C4F90100B362AE /* MessageSettingsViewController.h */ = {isa = PBXFileReference; fileEncoding = 4; lastKnownFileType = sourcecode.c.h; path = MessageSettingsViewController.h; sourceTree = "<group>"; };
		5DF73AE116C4F90100B362AE /* MessageSettingsViewController.m */ = {isa = PBXFileReference; fileEncoding = 4; lastKnownFileType = sourcecode.c.objc; path = MessageSettingsViewController.m; sourceTree = "<group>"; };
		5DF73AE316C5073F00B362AE /* CallSettingsViewController.h */ = {isa = PBXFileReference; fileEncoding = 4; lastKnownFileType = sourcecode.c.h; path = CallSettingsViewController.h; sourceTree = "<group>"; };
		5DF73AE416C5073F00B362AE /* CallSettingsViewController.m */ = {isa = PBXFileReference; fileEncoding = 4; lastKnownFileType = sourcecode.c.objc; path = CallSettingsViewController.m; sourceTree = "<group>"; };
		5DFBC17116CA40D6008A9F23 /* RestKit.xcodeproj */ = {isa = PBXFileReference; lastKnownFileType = "wrapper.pb-project"; name = RestKit.xcodeproj; path = RestKit/RestKit.xcodeproj; sourceTree = "<group>"; };
		5DFBC18316CA42A7008A9F23 /* CFNetwork.framework */ = {isa = PBXFileReference; lastKnownFileType = wrapper.framework; name = CFNetwork.framework; path = System/Library/Frameworks/CFNetwork.framework; sourceTree = SDKROOT; };
		5DFBC18516CA42C3008A9F23 /* CoreData.framework */ = {isa = PBXFileReference; lastKnownFileType = wrapper.framework; name = CoreData.framework; path = System/Library/Frameworks/CoreData.framework; sourceTree = SDKROOT; };
		5DFBC18716CA42CB008A9F23 /* MobileCoreServices.framework */ = {isa = PBXFileReference; lastKnownFileType = wrapper.framework; name = MobileCoreServices.framework; path = System/Library/Frameworks/MobileCoreServices.framework; sourceTree = SDKROOT; };
		5DFBC18916CA42D3008A9F23 /* Security.framework */ = {isa = PBXFileReference; lastKnownFileType = wrapper.framework; name = Security.framework; path = System/Library/Frameworks/Security.framework; sourceTree = SDKROOT; };
		5DFBC18B16CA42DA008A9F23 /* SystemConfiguration.framework */ = {isa = PBXFileReference; lastKnownFileType = wrapper.framework; name = SystemConfiguration.framework; path = System/Library/Frameworks/SystemConfiguration.framework; sourceTree = SDKROOT; };
/* End PBXFileReference section */

/* Begin PBXFrameworksBuildPhase section */
		50017DF416BBBF8A00F0C093 /* Frameworks */ = {
			isa = PBXFrameworksBuildPhase;
			buildActionMask = 2147483647;
			files = (
				3DB3452316D3FEA100DCEDE8 /* AddressBook.framework in Frameworks */,
				3DB3452416D3FEA100DCEDE8 /* AddressBookUI.framework in Frameworks */,
				5DFBC18C16CA42DA008A9F23 /* SystemConfiguration.framework in Frameworks */,
				5DFBC18A16CA42D3008A9F23 /* Security.framework in Frameworks */,
				5DFBC18816CA42CB008A9F23 /* MobileCoreServices.framework in Frameworks */,
				5DFBC18616CA42C3008A9F23 /* CoreData.framework in Frameworks */,
				5DFBC18416CA42A7008A9F23 /* CFNetwork.framework in Frameworks */,
				5DFBC18216CA429F008A9F23 /* libRestKit.a in Frameworks */,
				50017DFC16BBBF8A00F0C093 /* UIKit.framework in Frameworks */,
				50017DFE16BBBF8A00F0C093 /* Foundation.framework in Frameworks */,
				50017E0016BBBF8A00F0C093 /* CoreGraphics.framework in Frameworks */,
			);
			runOnlyForDeploymentPostprocessing = 0;
		};
/* End PBXFrameworksBuildPhase section */

/* Begin PBXGroup section */
		50017DEC16BBBF8A00F0C093 = {
			isa = PBXGroup;
			children = (
				5DFBC18B16CA42DA008A9F23 /* SystemConfiguration.framework */,
				5DFBC18916CA42D3008A9F23 /* Security.framework */,
				5DFBC18716CA42CB008A9F23 /* MobileCoreServices.framework */,
				5DFBC18516CA42C3008A9F23 /* CoreData.framework */,
				5DFBC18316CA42A7008A9F23 /* CFNetwork.framework */,
				5DFBC17116CA40D6008A9F23 /* RestKit.xcodeproj */,
				50017E0116BBBF8A00F0C093 /* PersonAlarm */,
				50017DFA16BBBF8A00F0C093 /* Frameworks */,
				50017DF816BBBF8A00F0C093 /* Products */,
			);
			sourceTree = "<group>";
		};
		50017DF816BBBF8A00F0C093 /* Products */ = {
			isa = PBXGroup;
			children = (
				50017DF716BBBF8A00F0C093 /* PersonAlarm.app */,
			);
			name = Products;
			sourceTree = "<group>";
		};
		50017DFA16BBBF8A00F0C093 /* Frameworks */ = {
			isa = PBXGroup;
			children = (
				3DB3452116D3FEA100DCEDE8 /* AddressBook.framework */,
				3DB3452216D3FEA100DCEDE8 /* AddressBookUI.framework */,
				50017DFB16BBBF8A00F0C093 /* UIKit.framework */,
				50017DFD16BBBF8A00F0C093 /* Foundation.framework */,
				50017DFF16BBBF8A00F0C093 /* CoreGraphics.framework */,
			);
			name = Frameworks;
			sourceTree = "<group>";
		};
		50017E0116BBBF8A00F0C093 /* PersonAlarm */ = {
			isa = PBXGroup;
			children = (
				5DF73ADF16C4F80C00B362AE /* Alarm */,
				5D01B09F16C4F5F9001BF4EA /* GUI Control */,
				5DD1328816C11C0300D7CDF6 /* ModelController.h */,
				5DD1328916C11C0300D7CDF6 /* ModelController.m */,
				50017E1316BBBF8A00F0C093 /* MainStoryboard.storyboard */,
				50017E0216BBBF8A00F0C093 /* Supporting Files */,
			);
			path = PersonAlarm;
			sourceTree = "<group>";
		};
		50017E0216BBBF8A00F0C093 /* Supporting Files */ = {
			isa = PBXGroup;
			children = (
				50017E0A16BBBF8A00F0C093 /* AlarmAppDelegate.h */,
				50017E0B16BBBF8A00F0C093 /* AlarmAppDelegate.m */,
				50017E0316BBBF8A00F0C093 /* PersonAlarm-Info.plist */,
				50017E0416BBBF8A00F0C093 /* InfoPlist.strings */,
				50017E0716BBBF8A00F0C093 /* main.m */,
				50017E0916BBBF8A00F0C093 /* PersonAlarm-Prefix.pch */,
				50DD542216C539D6002CF0E6 /* Default-568h@2x.png */,
				50DD542316C539D6002CF0E6 /* Default.png */,
				50DD542416C539D6002CF0E6 /* Default@2x.png */,
			);
			name = "Supporting Files";
			sourceTree = "<group>";
		};
		5D01B09F16C4F5F9001BF4EA /* GUI Control */ = {
			isa = PBXGroup;
			children = (
				5DD1328E16C121E700D7CDF6 /* SettingsTableViewController.h */,
				5DD1328F16C121E700D7CDF6 /* SettingsTableViewController.m */,
				50017E1616BBBF8A00F0C093 /* AlarmViewController.h */,
				50017E1716BBBF8A00F0C093 /* AlarmViewController.m */,
				5DD1328516C119E500D7CDF6 /* RootViewController.h */,
				5DD1328616C119E500D7CDF6 /* RootViewController.m */,
				5DF73AE016C4F90100B362AE /* MessageSettingsViewController.h */,
				5DF73AE116C4F90100B362AE /* MessageSettingsViewController.m */,
				5DF73AE316C5073F00B362AE /* CallSettingsViewController.h */,
				5DF73AE416C5073F00B362AE /* CallSettingsViewController.m */,
			);
			name = "GUI Control";
			path = ..;
			sourceTree = "<group>";
		};
		5DF73ADF16C4F80C00B362AE /* Alarm */ = {
			isa = PBXGroup;
			children = (
				5DF73AD616C4F7EB00B362AE /* TelephoneDatasource.m */,
				5DF73AD716C4F7EB00B362AE /* TelephoneDatasource.h */,
				5DF73AD816C4F7EB00B362AE /* TelephoneAlarm.m */,
				5DF73AD916C4F7EB00B362AE /* TelephoneAlarm.h */,
				5DF73ADA16C4F7EB00B362AE /* AlarmController.m */,
				5DF73ADB16C4F7EB00B362AE /* AlarmController.h */,
			);
			name = Alarm;
			path = ..;
			sourceTree = "<group>";
		};
		5DFBC17216CA40D6008A9F23 /* Products */ = {
			isa = PBXGroup;
			children = (
				5DFBC17916CA40D7008A9F23 /* libRestKit.a */,
				5DFBC17B16CA40D7008A9F23 /* RestKitTests.octest */,
				5DFBC17D16CA40D7008A9F23 /* RestKit.framework */,
				5DFBC17F16CA40D7008A9F23 /* RestKitFrameworkTests.octest */,
			);
			name = Products;
			sourceTree = "<group>";
		};
/* End PBXGroup section */

/* Begin PBXNativeTarget section */
		50017DF616BBBF8A00F0C093 /* PersonAlarm */ = {
			isa = PBXNativeTarget;
			buildConfigurationList = 50017E1B16BBBF8A00F0C093 /* Build configuration list for PBXNativeTarget "PersonAlarm" */;
			buildPhases = (
				50017DF316BBBF8A00F0C093 /* Sources */,
				50017DF416BBBF8A00F0C093 /* Frameworks */,
				50017DF516BBBF8A00F0C093 /* Resources */,
				5DFBC18D16CA42F2008A9F23 /* Copy RestKit Framework */,
			);
			buildRules = (
			);
			dependencies = (
				5DFBC18116CA428E008A9F23 /* PBXTargetDependency */,
			);
			name = PersonAlarm;
			productName = PersonAlarm;
			productReference = 50017DF716BBBF8A00F0C093 /* PersonAlarm.app */;
			productType = "com.apple.product-type.application";
		};
/* End PBXNativeTarget section */

/* Begin PBXProject section */
		50017DEE16BBBF8A00F0C093 /* Project object */ = {
			isa = PBXProject;
			attributes = {
				CLASSPREFIX = Alarm;
				LastUpgradeCheck = 0450;
				ORGANIZATIONNAME = Chalmers;
			};
			buildConfigurationList = 50017DF116BBBF8A00F0C093 /* Build configuration list for PBXProject "PersonAlarm" */;
			compatibilityVersion = "Xcode 3.2";
			developmentRegion = English;
			hasScannedForEncodings = 0;
			knownRegions = (
				en,
			);
			mainGroup = 50017DEC16BBBF8A00F0C093;
			productRefGroup = 50017DF816BBBF8A00F0C093 /* Products */;
			projectDirPath = "";
			projectReferences = (
				{
					ProductGroup = 5DFBC17216CA40D6008A9F23 /* Products */;
					ProjectRef = 5DFBC17116CA40D6008A9F23 /* RestKit.xcodeproj */;
				},
			);
			projectRoot = "";
			targets = (
				50017DF616BBBF8A00F0C093 /* PersonAlarm */,
			);
		};
/* End PBXProject section */

/* Begin PBXReferenceProxy section */
		5DFBC17916CA40D7008A9F23 /* libRestKit.a */ = {
			isa = PBXReferenceProxy;
			fileType = archive.ar;
			path = libRestKit.a;
			remoteRef = 5DFBC17816CA40D7008A9F23 /* PBXContainerItemProxy */;
			sourceTree = BUILT_PRODUCTS_DIR;
		};
		5DFBC17B16CA40D7008A9F23 /* RestKitTests.octest */ = {
			isa = PBXReferenceProxy;
			fileType = wrapper.cfbundle;
			path = RestKitTests.octest;
			remoteRef = 5DFBC17A16CA40D7008A9F23 /* PBXContainerItemProxy */;
			sourceTree = BUILT_PRODUCTS_DIR;
		};
		5DFBC17D16CA40D7008A9F23 /* RestKit.framework */ = {
			isa = PBXReferenceProxy;
			fileType = wrapper.framework;
			path = RestKit.framework;
			remoteRef = 5DFBC17C16CA40D7008A9F23 /* PBXContainerItemProxy */;
			sourceTree = BUILT_PRODUCTS_DIR;
		};
		5DFBC17F16CA40D7008A9F23 /* RestKitFrameworkTests.octest */ = {
			isa = PBXReferenceProxy;
			fileType = wrapper.cfbundle;
			path = RestKitFrameworkTests.octest;
			remoteRef = 5DFBC17E16CA40D7008A9F23 /* PBXContainerItemProxy */;
			sourceTree = BUILT_PRODUCTS_DIR;
		};
/* End PBXReferenceProxy section */

/* Begin PBXResourcesBuildPhase section */
		50017DF516BBBF8A00F0C093 /* Resources */ = {
			isa = PBXResourcesBuildPhase;
			buildActionMask = 2147483647;
			files = (
				50017E0616BBBF8A00F0C093 /* InfoPlist.strings in Resources */,
				50017E1516BBBF8A00F0C093 /* MainStoryboard.storyboard in Resources */,
				50DD542516C539D6002CF0E6 /* Default-568h@2x.png in Resources */,
				50DD542616C539D6002CF0E6 /* Default.png in Resources */,
				50DD542716C539D6002CF0E6 /* Default@2x.png in Resources */,
			);
			runOnlyForDeploymentPostprocessing = 0;
		};
/* End PBXResourcesBuildPhase section */

/* Begin PBXSourcesBuildPhase section */
		50017DF316BBBF8A00F0C093 /* Sources */ = {
			isa = PBXSourcesBuildPhase;
			buildActionMask = 2147483647;
			files = (
				50017E0816BBBF8A00F0C093 /* main.m in Sources */,
				50017E0C16BBBF8A00F0C093 /* AlarmAppDelegate.m in Sources */,
				50017E1816BBBF8A00F0C093 /* AlarmViewController.m in Sources */,
				5DD1328716C119E500D7CDF6 /* RootViewController.m in Sources */,
				5DD1328A16C11C0300D7CDF6 /* ModelController.m in Sources */,
				5DD1329016C121E700D7CDF6 /* SettingsTableViewController.m in Sources */,
				5DF73ADC16C4F7EB00B362AE /* TelephoneDatasource.m in Sources */,
				5DF73ADD16C4F7EB00B362AE /* TelephoneAlarm.m in Sources */,
				5DF73ADE16C4F7EB00B362AE /* AlarmController.m in Sources */,
				5DF73AE216C4F90100B362AE /* MessageSettingsViewController.m in Sources */,
				5DF73AE516C5073F00B362AE /* CallSettingsViewController.m in Sources */,
			);
			runOnlyForDeploymentPostprocessing = 0;
		};
/* End PBXSourcesBuildPhase section */

/* Begin PBXTargetDependency section */
		5DFBC18116CA428E008A9F23 /* PBXTargetDependency */ = {
			isa = PBXTargetDependency;
			name = RestKit;
			targetProxy = 5DFBC18016CA428E008A9F23 /* PBXContainerItemProxy */;
		};
/* End PBXTargetDependency section */

/* Begin PBXVariantGroup section */
		50017E0416BBBF8A00F0C093 /* InfoPlist.strings */ = {
			isa = PBXVariantGroup;
			children = (
				50017E0516BBBF8A00F0C093 /* en */,
			);
			name = InfoPlist.strings;
			sourceTree = "<group>";
		};
		50017E1316BBBF8A00F0C093 /* MainStoryboard.storyboard */ = {
			isa = PBXVariantGroup;
			children = (
				50017E1416BBBF8A00F0C093 /* en */,
			);
			name = MainStoryboard.storyboard;
			sourceTree = "<group>";
		};
/* End PBXVariantGroup section */

/* Begin XCBuildConfiguration section */
		50017E1916BBBF8A00F0C093 /* Debug */ = {
			isa = XCBuildConfiguration;
			buildSettings = {
				ALWAYS_SEARCH_USER_PATHS = NO;
				CLANG_CXX_LANGUAGE_STANDARD = "gnu++0x";
				CLANG_CXX_LIBRARY = "libc++";
				CLANG_ENABLE_OBJC_ARC = YES;
				CLANG_WARN_EMPTY_BODY = YES;
				CLANG_WARN__DUPLICATE_METHOD_MATCH = YES;
				CODE_SIGN_IDENTITY = "iPhone Developer: Max Witt (LJ5Y78SMZ3)";
				"CODE_SIGN_IDENTITY[sdk=iphoneos*]" = "iPhone Developer";
				COPY_PHASE_STRIP = NO;
				GCC_C_LANGUAGE_STANDARD = gnu99;
				GCC_DYNAMIC_NO_PIC = NO;
				GCC_OPTIMIZATION_LEVEL = 0;
				GCC_PREPROCESSOR_DEFINITIONS = (
					"DEBUG=1",
					"$(inherited)",
				);
				GCC_SYMBOLS_PRIVATE_EXTERN = NO;
				GCC_WARN_ABOUT_RETURN_TYPE = YES;
				GCC_WARN_UNINITIALIZED_AUTOS = YES;
				GCC_WARN_UNUSED_VARIABLE = YES;
				IPHONEOS_DEPLOYMENT_TARGET = 6.0;
				ONLY_ACTIVE_ARCH = YES;
				PROVISIONING_PROFILE = "8F0644E4-FB25-4B41-90FD-E691F19A0740";
				SDKROOT = iphoneos;
			};
			name = Debug;
		};
		50017E1A16BBBF8A00F0C093 /* Release */ = {
			isa = XCBuildConfiguration;
			buildSettings = {
				ALWAYS_SEARCH_USER_PATHS = NO;
				CLANG_CXX_LANGUAGE_STANDARD = "gnu++0x";
				CLANG_CXX_LIBRARY = "libc++";
				CLANG_ENABLE_OBJC_ARC = YES;
				CLANG_WARN_EMPTY_BODY = YES;
				CLANG_WARN__DUPLICATE_METHOD_MATCH = YES;
				CODE_SIGN_IDENTITY = "iPhone Developer: Max Witt (LJ5Y78SMZ3)";
				"CODE_SIGN_IDENTITY[sdk=iphoneos*]" = "iPhone Developer";
				COPY_PHASE_STRIP = YES;
				GCC_C_LANGUAGE_STANDARD = gnu99;
				GCC_WARN_ABOUT_RETURN_TYPE = YES;
				GCC_WARN_UNINITIALIZED_AUTOS = YES;
				GCC_WARN_UNUSED_VARIABLE = YES;
				IPHONEOS_DEPLOYMENT_TARGET = 6.0;
				OTHER_CFLAGS = "-DNS_BLOCK_ASSERTIONS=1";
				PROVISIONING_PROFILE = "8F0644E4-FB25-4B41-90FD-E691F19A0740";
				"PROVISIONING_PROFILE[sdk=iphoneos*]" = "";
				SDKROOT = iphoneos;
				VALIDATE_PRODUCT = YES;
			};
			name = Release;
		};
		50017E1C16BBBF8A00F0C093 /* Debug */ = {
			isa = XCBuildConfiguration;
			buildSettings = {
				GCC_PRECOMPILE_PREFIX_HEADER = YES;
				GCC_PREFIX_HEADER = "PersonAlarm/PersonAlarm-Prefix.pch";
				HEADER_SEARCH_PATHS = "\"$(BUILT_PRODUCTS_DIR)/../../Headers\"";
				INFOPLIST_FILE = "PersonAlarm/PersonAlarm-Info.plist";
				OTHER_LDFLAGS = (
					"-all_load",
					"-ObjC",
				);
				PRODUCT_NAME = "$(TARGET_NAME)";
				WRAPPER_EXTENSION = app;
			};
			name = Debug;
		};
		50017E1D16BBBF8A00F0C093 /* Release */ = {
			isa = XCBuildConfiguration;
			buildSettings = {
				GCC_PRECOMPILE_PREFIX_HEADER = YES;
				GCC_PREFIX_HEADER = "PersonAlarm/PersonAlarm-Prefix.pch";
				HEADER_SEARCH_PATHS = "\"$(BUILT_PRODUCTS_DIR)/../../Headers\"";
				INFOPLIST_FILE = "PersonAlarm/PersonAlarm-Info.plist";
				OTHER_LDFLAGS = (
					"-all_load",
					"-ObjC",
				);
				PRODUCT_NAME = "$(TARGET_NAME)";
				WRAPPER_EXTENSION = app;
			};
			name = Release;
		};
/* End XCBuildConfiguration section */

/* Begin XCConfigurationList section */
		50017DF116BBBF8A00F0C093 /* Build configuration list for PBXProject "PersonAlarm" */ = {
			isa = XCConfigurationList;
			buildConfigurations = (
				50017E1916BBBF8A00F0C093 /* Debug */,
				50017E1A16BBBF8A00F0C093 /* Release */,
			);
			defaultConfigurationIsVisible = 0;
			defaultConfigurationName = Release;
		};
		50017E1B16BBBF8A00F0C093 /* Build configuration list for PBXNativeTarget "PersonAlarm" */ = {
			isa = XCConfigurationList;
			buildConfigurations = (
				50017E1C16BBBF8A00F0C093 /* Debug */,
				50017E1D16BBBF8A00F0C093 /* Release */,
			);
			defaultConfigurationIsVisible = 0;
			defaultConfigurationName = Release;
		};
/* End XCConfigurationList section */
	};
	rootObject = 50017DEE16BBBF8A00F0C093 /* Project object */;
}
